
Microsoft Visual Studio Solution File, Format Version 12.00
# Visual Studio 15
VisualStudioVersion = 15.0.28307.168
MinimumVisualStudioVersion = 10.0.40219.1
Project("{FAE04EC0-301F-11D3-BF4B-00C04F79EFBC}") = "CH", "CH\CH.csproj", "{94A1D489-B8AB-4F71-B87B-13DD69607B2D}"
EndProject
Global
	GlobalSection(SolutionConfigurationPlatforms) = preSolution
		Debug|Any CPU = Debug|Any CPU
		Release|Any CPU = Release|Any CPU
	EndGlobalSection
	GlobalSection(ProjectConfigurationPlatforms) = postSolution
		{94A1D489-B8AB-4F71-B87B-13DD69607B2D}.Debug|Any CPU.ActiveCfg = Debug|Any CPU
		{94A1D489-B8AB-4F71-B87B-13DD69607B2D}.Debug|Any CPU.Build.0 = Debug|Any CPU
		{94A1D489-B8AB-4F71-B87B-13DD69607B2D}.Release|Any CPU.ActiveCfg = Release|Any CPU
		{94A1D489-B8AB-4F71-B87B-13DD69607B2D}.Release|Any CPU.Build.0 = Release|Any CPU
	EndGlobalSection
	GlobalSection(SolutionProperties) = preSolution
		HideSolutionNode = FALSE
	EndGlobalSection
	GlobalSection(ExtensibilityGlobals) = postSolution
		SolutionGuid = {4D61F5F0-AB19-42AE-90EE-095F2E6C0684}
	EndGlobalSection
EndGlobal
